// !$*UTF8*$!
{
	archiveVersion = 1;
	classes = {
	};
	objectVersion = 77;
	objects = {

/* Begin PBXBuildFile section */
		90184D50562F5B7749D2C408 /* WhisperKit in Frameworks */ = {isa = PBXBuildFile; productRef = 5AA73DA2CC666D68641E9C37 /* WhisperKit */; };
/* End PBXBuildFile section */

/* Begin PBXContainerItemProxy section */
		E3E16DE22FFF1BCE00E398A5 /* PBXContainerItemProxy */ = {
			isa = PBXContainerItemProxy;
			containerPortal = E3E16DC82FFF1BCC00E398A5 /* Project object */;
			proxyType = 1;
			remoteGlobalIDString = E3E16DCF2FFF1BCC00E398A5;
			remoteInfo = PodWash;
		};
		E3E16DEC2FFF1BCE00E398A5 /* PBXContainerItemProxy */ = {
			isa = PBXContainerItemProxy;
			containerPortal = E3E16DC82FFF1BCC00E398A5 /* Project object */;
			proxyType = 1;
			remoteGlobalIDString = E3E16DCF2FFF1BCC00E398A5;
			remoteInfo = PodWash;
		};
		AC0500000000000000000001 /* PBXContainerItemProxy */ = {
			isa = PBXContainerItemProxy;
			containerPortal = E3E16DC82FFF1BCC00E398A5 /* Project object */;
			proxyType = 1;
			remoteGlobalIDString = E3E16DCF2FFF1BCC00E398A5;
			remoteInfo = PodWash;
		};
/* End PBXContainerItemProxy section */

/* Begin PBXFileReference section */
		E3E16DD02FFF1BCC00E398A5 /* PodWash.app */ = {isa = PBXFileReference; explicitFileType = wrapper.application; includeInIndex = 0; path = PodWash.app; sourceTree = BUILT_PRODUCTS_DIR; };
		E3E16DE12FFF1BCE00E398A5 /* PodWashTests.xctest */ = {isa = PBXFileReference; explicitFileType = wrapper.cfbundle; includeInIndex = 0; path = PodWashTests.xctest; sourceTree = BUILT_PRODUCTS_DIR; };
		E3E16DEB2FFF1BCE00E398A5 /* PodWashUITests.xctest */ = {isa = PBXFileReference; explicitFileType = wrapper.cfbundle; includeInIndex = 0; path = PodWashUITests.xctest; sourceTree = BUILT_PRODUCTS_DIR; };
		AC0500000000000000000002 /* PodWashSlowTests.xctest */ = {isa = PBXFileReference; explicitFileType = wrapper.cfbundle; includeInIndex = 0; path = PodWashSlowTests.xctest; sourceTree = BUILT_PRODUCTS_DIR; };
/* End PBXFileReference section */

/* Begin PBXFileSystemSynchronizedBuildFileExceptionSet section */
		E3E16DF32FFF1BCE00E398A5 /* PBXFileSystemSynchronizedBuildFileExceptionSet */ = {
			isa = PBXFileSystemSynchronizedBuildFileExceptionSet;
			membershipExceptions = (
				Info.plist,
			);
			target = E3E16DCF2FFF1BCC00E398A5 /* PodWash */;
		};
/* End PBXFileSystemSynchronizedBuildFileExceptionSet section */

/* Begin PBXFileSystemSynchronizedRootGroup section */
		E3E16DD22FFF1BCC00E398A5 /* PodWash */ = {
			isa = PBXFileSystemSynchronizedRootGroup;
			exceptions = (
				E3E16DF32FFF1BCE00E398A5 /* PBXFileSystemSynchronizedBuildFileExceptionSet */,
			);
			path = PodWash;
			sourceTree = "<group>";
		};
		E3E16DE42FFF1BCE00E398A5 /* PodWashTests */ = {
			isa = PBXFileSystemSynchronizedRootGroup;
			path = PodWashTests;
			sourceTree = "<group>";
		};
		E3E16DEE2FFF1BCE00E398A5 /* PodWashUITests */ = {
			isa = PBXFileSystemSynchronizedRootGroup;
			path = PodWashUITests;
			sourceTree = "<group>";
		};
		AC0500000000000000000003 /* PodWashSlowTests */ = {
			isa = PBXFileSystemSynchronizedRootGroup;
			path = PodWashSlowTests;
			sourceTree = "<group>";
		};
/* End PBXFileSystemSynchronizedRootGroup section */

/* Begin PBXFrameworksBuildPhase section */
		E3E16DCD2FFF1BCC00E398A5 /* Frameworks */ = {
			isa = PBXFrameworksBuildPhase;
			buildActionMask = 2147483647;
			files = (
				90184D50562F5B7749D2C408 /* WhisperKit in Frameworks */,
			);
			runOnlyForDeploymentPostprocessing = 0;
		};
		E3E16DDE2FFF1BCE00E398A5 /* Frameworks */ = {
			isa = PBXFrameworksBuildPhase;
			buildActionMask = 2147483647;
			files = (
			);
			runOnlyForDeploymentPostprocessing = 0;
		};
		E3E16DE82FFF1BCE00E398A5 /* Frameworks */ = {
			isa = PBXFrameworksBuildPhase;
			buildActionMask = 2147483647;
			files = (
			);
			runOnlyForDeploymentPostprocessing = 0;
		};
		AC0500000000000000000004 /* Frameworks */ = {
			isa = PBXFrameworksBuildPhase;
			buildActionMask = 2147483647;
			files = (
			);
			runOnlyForDeploymentPostprocessing = 0;
		};
/* End PBXFrameworksBuildPhase section */

/* Begin PBXGroup section */
		E3E16DC72FFF1BCC00E398A5 = {
			isa = PBXGroup;
			children = (
				E3E16DD22FFF1BCC00E398A5 /* PodWash */,
				E3E16DE42FFF1BCE00E398A5 /* PodWashTests */,
				E3E16DEE2FFF1BCE00E398A5 /* PodWashUITests */,
				AC0500000000000000000003 /* PodWashSlowTests */,
				E3E16DD12FFF1BCC00E398A5 /* Products */,
			);
			sourceTree = "<group>";
		};
		E3E16DD12FFF1BCC00E398A5 /* Products */ = {
			isa = PBXGroup;
			children = (
				E3E16DD02FFF1BCC00E398A5 /* PodWash.app */,
				E3E16DE12FFF1BCE00E398A5 /* PodWashTests.xctest */,
				E3E16DEB2FFF1BCE00E398A5 /* PodWashUITests.xctest */,
				AC0500000000000000000002 /* PodWashSlowTests.xctest */,
			);
			name = Products;
			sourceTree = "<group>";
		};
/* End PBXGroup section */

/* Begin PBXNativeTarget section */
		E3E16DCF2FFF1BCC00E398A5 /* PodWash */ = {
			isa = PBXNativeTarget;
			buildConfigurationList = E3E16DF42FFF1BCE00E398A5 /* Build configuration list for PBXNativeTarget "PodWash" */;
			buildPhases = (
				E3E16DCC2FFF1BCC00E398A5 /* Sources */,
				E3E16DCD2FFF1BCC00E398A5 /* Frameworks */,
				E3E16DCE2FFF1BCC00E398A5 /* Resources */,
				AC2400000000000000000001 /* Copy Bundled Whisper Model */,
			);
			buildRules = (
			);
			dependencies = (
			);
			fileSystemSynchronizedGroups = (
				E3E16DD22FFF1BCC00E398A5 /* PodWash */,
			);
			name = PodWash;
			packageProductDependencies = (
				5AA73DA2CC666D68641E9C37 /* WhisperKit */,
			);
			productName = PodWash;
			productReference = E3E16DD02FFF1BCC00E398A5 /* PodWash.app */;
			productType = "com.apple.product-type.application";
		};
		E3E16DE02FFF1BCE00E398A5 /* PodWashTests */ = {
			isa = PBXNativeTarget;
			buildConfigurationList = E3E16DF92FFF1BCE00E398A5 /* Build configuration list for PBXNativeTarget "PodWashTests" */;
			buildPhases = (
				E3E16DDD2FFF1BCE00E398A5 /* Sources */,
				E3E16DDE2FFF1BCE00E398A5 /* Frameworks */,
				E3E16DDF2FFF1BCE00E398A5 /* Resources */,
			);
			buildRules = (
			);
			dependencies = (
				E3E16DE32FFF1BCE00E398A5 /* PBXTargetDependency */,
			);
			fileSystemSynchronizedGroups = (
				E3E16DE42FFF1BCE00E398A5 /* PodWashTests */,
			);
			name = PodWashTests;
			packageProductDependencies = (
			);
			productName = PodWashTests;
			productReference = E3E16DE12FFF1BCE00E398A5 /* PodWashTests.xctest */;
			productType = "com.apple.product-type.bundle.unit-test";
		};
		E3E16DEA2FFF1BCE00E398A5 /* PodWashUITests */ = {
			isa = PBXNativeTarget;
			buildConfigurationList = E3E16DFC2FFF1BCE00E398A5 /* Build configuration list for PBXNativeTarget "PodWashUITests" */;
			buildPhases = (
				E3E16DE72FFF1BCE00E398A5 /* Sources */,
				E3E16DE82FFF1BCE00E398A5 /* Frameworks */,
				E3E16DE92FFF1BCE00E398A5 /* Resources */,
			);
			buildRules = (
			);
			dependencies = (
				E3E16DED2FFF1BCE00E398A5 /* PBXTargetDependency */,
			);
			fileSystemSynchronizedGroups = (
				E3E16DEE2FFF1BCE00E398A5 /* PodWashUITests */,
			);
			name = PodWashUITests;
			packageProductDependencies = (
			);
			productName = PodWashUITests;
			productReference = E3E16DEB2FFF1BCE00E398A5 /* PodWashUITests.xctest */;
			productType = "com.apple.product-type.bundle.ui-testing";
		};
		AC0500000000000000000005 /* PodWashSlowTests */ = {
			isa = PBXNativeTarget;
			buildConfigurationList = AC0500000000000000000009 /* Build configuration list for PBXNativeTarget "PodWashSlowTests" */;
			buildPhases = (
				AC0500000000000000000007 /* Sources */,
				AC0500000000000000000004 /* Frameworks */,
				AC0500000000000000000006 /* Resources */,
			);
			buildRules = (
			);
			dependencies = (
				AC0500000000000000000008 /* PBXTargetDependency */,
			);
			fileSystemSynchronizedGroups = (
				AC0500000000000000000003 /* PodWashSlowTests */,
			);
			name = PodWashSlowTests;
			packageProductDependencies = (
			);
			productName = PodWashSlowTests;
			productReference = AC0500000000000000000002 /* PodWashSlowTests.xctest */;
			productType = "com.apple.product-type.bundle.unit-test";
		};
/* End PBXNativeTarget section */

/* Begin PBXProject section */
		E3E16DC82FFF1BCC00E398A5 /* Project object */ = {
			isa = PBXProject;
			attributes = {
				BuildIndependentTargetsInParallel = 1;
				LastSwiftUpdateCheck = 2610;
				LastUpgradeCheck = 2610;
				TargetAttributes = {
					E3E16DCF2FFF1BCC00E398A5 = {
						CreatedOnToolsVersion = 26.1.1;
					};
					E3E16DE02FFF1BCE00E398A5 = {
						CreatedOnToolsVersion = 26.1.1;
						TestTargetID = E3E16DCF2FFF1BCC00E398A5;
					};
					E3E16DEA2FFF1BCE00E398A5 = {
						CreatedOnToolsVersion = 26.1.1;
						TestTargetID = E3E16DCF2FFF1BCC00E398A5;
					};
					AC0500000000000000000005 = {
						CreatedOnToolsVersion = 26.1.1;
						TestTargetID = E3E16DCF2FFF1BCC00E398A5;
					};
				};
			};
			buildConfigurationList = E3E16DCB2FFF1BCC00E398A5 /* Build configuration list for PBXProject "PodWash" */;
			developmentRegion = en;
			hasScannedForEncodings = 0;
			knownRegions = (
				en,
				Base,
			);
			mainGroup = E3E16DC72FFF1BCC00E398A5;
			minimizedProjectReferenceProxies = 1;
			packageReferences = (
				2497113C66B2A000B4EE4808 /* XCRemoteSwiftPackageReference "WhisperKit" */,
			);
			preferredProjectObjectVersion = 77;
			productRefGroup = E3E16DD12FFF1BCC00E398A5 /* Products */;
			projectDirPath = "";
			projectRoot = "";
			targets = (
				E3E16DCF2FFF1BCC00E398A5 /* PodWash */,
				E3E16DE02FFF1BCE00E398A5 /* PodWashTests */,
				E3E16DEA2FFF1BCE00E398A5 /* PodWashUITests */,
				AC0500000000000000000005 /* PodWashSlowTests */,
			);
		};
/* End PBXProject section */

/* Begin PBXShellScriptBuildPhase section */
		AC2400000000000000000001 /* Copy Bundled Whisper Model */ = {
			isa = PBXShellScriptBuildPhase;
			alwaysOutOfDate = 1;
			buildActionMask = 2147483647;
			files = (
			);
			inputFileListPaths = (
			);
			inputPaths = (
			);
			name = "Copy Bundled Whisper Model";
			outputFileListPaths = (
			);
			outputPaths = (
			);
			runOnlyForDeploymentPostprocessing = 0;
			shellPath = /bin/sh;
			shellScript = "\"${SRCROOT}/../scripts/copy-bundled-whisper-model.sh\"\n";
		};
/* End PBXShellScriptBuildPhase section */

/* Begin PBXResourcesBuildPhase section */
		E3E16DCE2FFF1BCC00E398A5 /* Resources */ = {
			isa = PBXResourcesBuildPhase;
			buildActionMask = 2147483647;
			files = (
			);
			runOnlyForDeploymentPostprocessing = 0;
		};
		E3E16DDF2FFF1BCE00E398A5 /* Resources */ = {
			isa = PBXResourcesBuildPhase;
			buildActionMask = 2147483647;
			files = (
			);
			runOnlyForDeploymentPostprocessing = 0;
		};
		E3E16DE92FFF1BCE00E398A5 /* Resources */ = {
			isa = PBXResourcesBuildPhase;
			buildActionMask = 2147483647;
			files = (
			);
			runOnlyForDeploymentPostprocessing = 0;
		};
		AC0500000000000000000006 /* Resources */ = {
			isa = PBXResourcesBuildPhase;
			buildActionMask = 2147483647;
			files = (
			);
			runOnlyForDeploymentPostprocessing = 0;
		};
/* End PBXResourcesBuildPhase section */

/* Begin PBXSourcesBuildPhase section */
		E3E16DCC2FFF1BCC00E398A5 /* Sources */ = {
			isa = PBXSourcesBuildPhase;
			buildActionMask = 2147483647;
			files = (
			);
			runOnlyForDeploymentPostprocessing = 0;
		};
		E3E16DDD2FFF1BCE00E398A5 /* Sources */ = {
			isa = PBXSourcesBuildPhase;
			buildActionMask = 2147483647;
			files = (
			);
			runOnlyForDeploymentPostprocessing = 0;
		};
		E3E16DE72FFF1BCE00E398A5 /* Sources */ = {
			isa = PBXSourcesBuildPhase;
			buildActionMask = 2147483647;
			files = (
			);
			runOnlyForDeploymentPostprocessing = 0;
		};
		AC0500000000000000000007 /* Sources */ = {
			isa = PBXSourcesBuildPhase;
			buildActionMask = 2147483647;
			files = (
			);
			runOnlyForDeploymentPostprocessing = 0;
		};
/* End PBXSourcesBuildPhase section */

/* Begin PBXTargetDependency section */
		E3E16DE32FFF1BCE00E398A5 /* PBXTargetDependency */ = {
			isa = PBXTargetDependency;
			target = E3E16DCF2FFF1BCC00E398A5 /* PodWash */;
			targetProxy = E3E16DE22FFF1BCE00E398A5 /* PBXContainerItemProxy */;
		};
		E3E16DED2FFF1BCE00E398A5 /* PBXTargetDependency */ = {
			isa = PBXTargetDependency;
			target = E3E16DCF2FFF1BCC00E398A5 /* PodWash */;
			targetProxy = E3E16DEC2FFF1BCE00E398A5 /* PBXContainerItemProxy */;
		};
		AC0500000000000000000008 /* PBXTargetDependency */ = {
			isa = PBXTargetDependency;
			target = E3E16DCF2FFF1BCC00E398A5 /* PodWash */;
			targetProxy = AC0500000000000000000001 /* PBXContainerItemProxy */;
		};
/* End PBXTargetDependency section */

/* Begin XCBuildConfiguration section */
		E3E16DF52FFF1BCE00E398A5 /* Debug */ = {
			isa = XCBuildConfiguration;
			buildSettings = {
				ASSETCATALOG_COMPILER_APPICON_NAME = AppIcon;
				ASSETCATALOG_COMPILER_GLOBAL_ACCENT_COLOR_NAME = AccentColor;
				CODE_SIGN_ENTITLEMENTS = PodWash/PodWash.entitlements;
				CODE_SIGN_STYLE = Automatic;
				CURRENT_PROJECT_VERSION = 1;
				ENABLE_PREVIEWS = YES;
				ENABLE_USER_SCRIPT_SANDBOXING = NO;
				GENERATE_INFOPLIST_FILE = YES;
				INFOPLIST_FILE = PodWash/Info.plist;
				INFOPLIST_KEY_UIApplicationSceneManifest_Generation = NO;
				INFOPLIST_KEY_UIApplicationSupportsIndirectInputEvents = YES;
				INFOPLIST_KEY_UILaunchScreen_Generation = YES;
				INFOPLIST_KEY_UISupportedInterfaceOrientations_iPad = "UIInterfaceOrientationPortrait UIInterfaceOrientationPortraitUpsideDown UIInterfaceOrientationLandscapeLeft UIInterfaceOrientationLandscapeRight";
				INFOPLIST_KEY_UISupportedInterfaceOrientations_iPhone = "UIInterfaceOrientationPortrait UIInterfaceOrientationLandscapeLeft UIInterfaceOrientationLandscapeRight";
				LD_RUNPATH_SEARCH_PATHS = (
					"$(inherited)",
					"@executable_path/Frameworks",
				);
				MARKETING_VERSION = 1.0;
				PRODUCT_BUNDLE_IDENTIFIER = com.barrandfarm.PodWash;
				PRODUCT_NAME = "$(TARGET_NAME)";
				STRING_CATALOG_GENERATE_SYMBOLS = YES;
				SWIFT_APPROACHABLE_CONCURRENCY = YES;
				SWIFT_DEFAULT_ACTOR_ISOLATION = MainActor;
				SWIFT_EMIT_LOC_STRINGS = YES;
				SWIFT_UPCOMING_FEATURE_MEMBER_IMPORT_VISIBILITY = YES;
				SWIFT_VERSION = 5.0;
				TARGETED_DEVICE_FAMILY = "1,2";
			};
			name = Debug;
		};
		E3E16DF62FFF1BCE00E398A5 /* Release */ = {
			isa = XCBuildConfiguration;
			buildSettings = {
				ASSETCATALOG_COMPILER_APPICON_NAME = AppIcon;
				ASSETCATALOG_COMPILER_GLOBAL_ACCENT_COLOR_NAME = AccentColor;
				CODE_SIGN_ENTITLEMENTS = PodWash/PodWash.entitlements;
				CODE_SIGN_STYLE = Automatic;
				CURRENT_PROJECT_VERSION = 1;
				ENABLE_PREVIEWS = YES;
				ENABLE_USER_SCRIPT_SANDBOXING = NO;
				GENERATE_INFOPLIST_FILE = YES;
				INFOPLIST_FILE = PodWash/Info.plist;
				INFOPLIST_KEY_UIApplicationSceneManifest_Generation = NO;
				INFOPLIST_KEY_UIApplicationSupportsIndirectInputEvents = YES;
				INFOPLIST_KEY_UILaunchScreen_Generation = YES;
				INFOPLIST_KEY_UISupportedInterfaceOrientations_iPad = "UIInterfaceOrientationPortrait UIInterfaceOrientationPortraitUpsideDown UIInterfaceOrientationLandscapeLeft UIInterfaceOrientationLandscapeRight";
				INFOPLIST_KEY_UISupportedInterfaceOrientations_iPhone = "UIInterfaceOrientationPortrait UIInterfaceOrientationLandscapeLeft UIInterfaceOrientationLandscapeRight";
				LD_RUNPATH_SEARCH_PATHS = (
					"$(inherited)",
					"@executable_path/Frameworks",
				);
				MARKETING_VERSION = 1.0;
				PRODUCT_BUNDLE_IDENTIFIER = com.barrandfarm.PodWash;
				PRODUCT_NAME = "$(TARGET_NAME)";
				STRING_CATALOG_GENERATE_SYMBOLS = YES;
				SWIFT_APPROACHABLE_CONCURRENCY = YES;
				SWIFT_DEFAULT_ACTOR_ISOLATION = MainActor;
				SWIFT_EMIT_LOC_STRINGS = YES;
				SWIFT_UPCOMING_FEATURE_MEMBER_IMPORT_VISIBILITY = YES;
				SWIFT_VERSION = 5.0;
				TARGETED_DEVICE_FAMILY = "1,2";
			};
			name = Release;
		};
		E3E16DF72FFF1BCE00E398A5 /* Debug */ = {
			isa = XCBuildConfiguration;
			buildSettings = {
				ALWAYS_SEARCH_USER_PATHS = NO;
				ASSETCATALOG_COMPILER_GENERATE_SWIFT_ASSET_SYMBOL_EXTENSIONS = YES;
				CLANG_ANALYZER_NONNULL = YES;
				CLANG_ANALYZER_NUMBER_OBJECT_CONVERSION = YES_AGGRESSIVE;
				CLANG_CXX_LANGUAGE_STANDARD = "gnu++20";
				CLANG_ENABLE_MODULES = YES;
				CLANG_ENABLE_OBJC_ARC = YES;
				CLANG_ENABLE_OBJC_WEAK = YES;
				CLANG_WARN_BLOCK_CAPTURE_AUTORELEASING = YES;
				CLANG_WARN_BOOL_CONVERSION = YES;
				CLANG_WARN_COMMA = YES;
				CLANG_WARN_CONSTANT_CONVERSION = YES;
				CLANG_WARN_DEPRECATED_OBJC_IMPLEMENTATIONS = YES;
				CLANG_WARN_DIRECT_OBJC_ISA_USAGE = YES_ERROR;
				CLANG_WARN_DOCUMENTATION_COMMENTS = YES;
				CLANG_WARN_EMPTY_BODY = YES;
				CLANG_WARN_ENUM_CONVERSION = YES;
				CLANG_WARN_INFINITE_RECURSION = YES;
				CLANG_WARN_INT_CONVERSION = YES;
				CLANG_WARN_NON_LITERAL_NULL_CONVERSION = YES;
				CLANG_WARN_OBJC_IMPLICIT_RETAIN_SELF = YES;
				CLANG_WARN_OBJC_LITERAL_CONVERSION = YES;
				CLANG_WARN_OBJC_ROOT_CLASS = YES_ERROR;
				CLANG_WARN_QUOTED_INCLUDE_IN_FRAMEWORK_HEADER = YES;
				CLANG_WARN_RANGE_LOOP_ANALYSIS = YES;
				CLANG_WARN_STRICT_PROTOTYPES = YES;
				CLANG_WARN_SUSPICIOUS_MOVE = YES;
				CLANG_WARN_UNGUARDED_AVAILABILITY = YES_AGGRESSIVE;
				CLANG_WARN_UNREACHABLE_CODE = YES;
				CLANG_WARN__DUPLICATE_METHOD_MATCH = YES;
				COPY_PHASE_STRIP = NO;
				DEBUG_INFORMATION_FORMAT = dwarf;
				ENABLE_STRICT_OBJC_MSGSEND = YES;
				ENABLE_TESTABILITY = YES;
				ENABLE_USER_SCRIPT_SANDBOXING = YES;
				GCC_C_LANGUAGE_STANDARD = gnu17;
				GCC_DYNAMIC_NO_PIC = NO;
				GCC_NO_COMMON_BLOCKS = YES;
				GCC_OPTIMIZATION_LEVEL = 0;
				GCC_PREPROCESSOR_DEFINITIONS = (
					"DEBUG=1",
					"$(inherited)",
				);
				GCC_WARN_64_TO_32_BIT_CONVERSION = YES;
				GCC_WARN_ABOUT_RETURN_TYPE = YES_ERROR;
				GCC_WARN_UNDECLARED_SELECTOR = YES;
				GCC_WARN_UNINITIALIZED_AUTOS = YES_AGGRESSIVE;
				GCC_WARN_UNUSED_FUNCTION = YES;
				GCC_WARN_UNUSED_VARIABLE = YES;
				IPHONEOS_DEPLOYMENT_TARGET = 26.1;
				LOCALIZATION_PREFERS_STRING_CATALOGS = YES;
				MTL_ENABLE_DEBUG_INFO = INCLUDE_SOURCE;
				MTL_FAST_MATH = YES;
				ONLY_ACTIVE_ARCH = YES;
				SDKROOT = iphoneos;
				SWIFT_ACTIVE_COMPILATION_CONDITIONS = "DEBUG $(inherited)";
				SWIFT_OPTIMIZATION_LEVEL = "-Onone";
			};
			name = Debug;
		};
		E3E16DF82FFF1BCE00E398A5 /* Release */ = {
			isa = XCBuildConfiguration;
			buildSettings = {
				ALWAYS_SEARCH_USER_PATHS = NO;
				ASSETCATALOG_COMPILER_GENERATE_SWIFT_ASSET_SYMBOL_EXTENSIONS = YES;
				CLANG_ANALYZER_NONNULL = YES;
				CLANG_ANALYZER_NUMBER_OBJECT_CONVERSION = YES_AGGRESSIVE;
				CLANG_CXX_LANGUAGE_STANDARD = "gnu++20";
				CLANG_ENABLE_MODULES = YES;
				CLANG_ENABLE_OBJC_ARC = YES;
				CLANG_ENABLE_OBJC_WEAK = YES;
				CLANG_WARN_BLOCK_CAPTURE_AUTORELEASING = YES;
				CLANG_WARN_BOOL_CONVERSION = YES;
				CLANG_WARN_COMMA = YES;
				CLANG_WARN_CONSTANT_CONVERSION = YES;
				CLANG_WARN_DEPRECATED_OBJC_IMPLEMENTATIONS = YES;
				CLANG_WARN_DIRECT_OBJC_ISA_USAGE = YES_ERROR;
				CLANG_WARN_DOCUMENTATION_COMMENTS = YES;
				CLANG_WARN_EMPTY_BODY = YES;
				CLANG_WARN_ENUM_CONVERSION = YES;
				CLANG_WARN_INFINITE_RECURSION = YES;
				CLANG_WARN_INT_CONVERSION = YES;
				CLANG_WARN_NON_LITERAL_NULL_CONVERSION = YES;
				CLANG_WARN_OBJC_IMPLICIT_RETAIN_SELF = YES;
				CLANG_WARN_OBJC_LITERAL_CONVERSION = YES;
				CLANG_WARN_OBJC_ROOT_CLASS = YES_ERROR;
				CLANG_WARN_QUOTED_INCLUDE_IN_FRAMEWORK_HEADER = YES;
				CLANG_WARN_RANGE_LOOP_ANALYSIS = YES;
				CLANG_WARN_STRICT_PROTOTYPES = YES;
				CLANG_WARN_SUSPICIOUS_MOVE = YES;
				CLANG_WARN_UNGUARDED_AVAILABILITY = YES_AGGRESSIVE;
				CLANG_WARN_UNREACHABLE_CODE = YES;
				CLANG_WARN__DUPLICATE_METHOD_MATCH = YES;
				COPY_PHASE_STRIP = NO;
				DEBUG_INFORMATION_FORMAT = "dwarf-with-dsym";
				ENABLE_NS_ASSERTIONS = NO;
				ENABLE_STRICT_OBJC_MSGSEND = YES;
				ENABLE_USER_SCRIPT_SANDBOXING = YES;
				GCC_C_LANGUAGE_STANDARD = gnu17;
				GCC_NO_COMMON_BLOCKS = YES;
				GCC_WARN_64_TO_32_BIT_CONVERSION = YES;
				GCC_WARN_ABOUT_RETURN_TYPE = YES_ERROR;
				GCC_WARN_UNDECLARED_SELECTOR = YES;
				GCC_WARN_UNINITIALIZED_AUTOS = YES_AGGRESSIVE;
				GCC_WARN_UNUSED_FUNCTION = YES;
				GCC_WARN_UNUSED_VARIABLE = YES;
				IPHONEOS_DEPLOYMENT_TARGET = 26.1;
				LOCALIZATION_PREFERS_STRING_CATALOGS = YES;
				MTL_ENABLE_DEBUG_INFO = NO;
				MTL_FAST_MATH = YES;
				SDKROOT = iphoneos;
				SWIFT_COMPILATION_MODE = wholemodule;
				VALIDATE_PRODUCT = YES;
			};
			name = Release;
		};
		E3E16DFA2FFF1BCE00E398A5 /* Debug */ = {
			isa = XCBuildConfiguration;
			buildSettings = {
				BUNDLE_LOADER = "$(TEST_HOST)";
				CODE_SIGN_STYLE = Automatic;
				CURRENT_PROJECT_VERSION = 1;
				GENERATE_INFOPLIST_FILE = YES;
				IPHONEOS_DEPLOYMENT_TARGET = 26.1;
				MARKETING_VERSION = 1.0;
				PRODUCT_BUNDLE_IDENTIFIER = com.barrandfarm.PodWashTests;
				PRODUCT_NAME = "$(TARGET_NAME)";
				STRING_CATALOG_GENERATE_SYMBOLS = NO;
				SWIFT_APPROACHABLE_CONCURRENCY = YES;
				SWIFT_EMIT_LOC_STRINGS = NO;
				SWIFT_UPCOMING_FEATURE_MEMBER_IMPORT_VISIBILITY = YES;
				SWIFT_VERSION = 5.0;
				TARGETED_DEVICE_FAMILY = "1,2";
				TEST_HOST = "$(BUILT_PRODUCTS_DIR)/PodWash.app/$(BUNDLE_EXECUTABLE_FOLDER_PATH)/PodWash";
			};
			name = Debug;
		};
		E3E16DFB2FFF1BCE00E398A5 /* Release */ = {
			isa = XCBuildConfiguration;
			buildSettings = {
				BUNDLE_LOADER = "$(TEST_HOST)";
				CODE_SIGN_STYLE = Automatic;
				CURRENT_PROJECT_VERSION = 1;
				GENERATE_INFOPLIST_FILE = YES;
				IPHONEOS_DEPLOYMENT_TARGET = 26.1;
				MARKETING_VERSION = 1.0;
				PRODUCT_BUNDLE_IDENTIFIER = com.barrandfarm.PodWashTests;
				PRODUCT_NAME = "$(TARGET_NAME)";
				STRING_CATALOG_GENERATE_SYMBOLS = NO;
				SWIFT_APPROACHABLE_CONCURRENCY = YES;
				SWIFT_EMIT_LOC_STRINGS = NO;
				SWIFT_UPCOMING_FEATURE_MEMBER_IMPORT_VISIBILITY = YES;
				SWIFT_VERSION = 5.0;
				TARGETED_DEVICE_FAMILY = "1,2";
				TEST_HOST = "$(BUILT_PRODUCTS_DIR)/PodWash.app/$(BUNDLE_EXECUTABLE_FOLDER_PATH)/PodWash";
			};
			name = Release;
		};
		E3E16DFD2FFF1BCE00E398A5 /* Debug */ = {
			isa = XCBuildConfiguration;
			buildSettings = {
				CODE_SIGN_STYLE = Automatic;
				CURRENT_PROJECT_VERSION = 1;
				GENERATE_INFOPLIST_FILE = YES;
				MARKETING_VERSION = 1.0;
				PRODUCT_BUNDLE_IDENTIFIER = com.barrandfarm.PodWashUITests;
				PRODUCT_NAME = "$(TARGET_NAME)";
				STRING_CATALOG_GENERATE_SYMBOLS = NO;
				SWIFT_APPROACHABLE_CONCURRENCY = YES;
				SWIFT_EMIT_LOC_STRINGS = NO;
				SWIFT_UPCOMING_FEATURE_MEMBER_IMPORT_VISIBILITY = YES;
				SWIFT_VERSION = 5.0;
				TARGETED_DEVICE_FAMILY = "1,2";
				TEST_TARGET_NAME = PodWash;
			};
			name = Debug;
		};
		E3E16DFE2FFF1BCE00E398A5 /* Release */ = {
			isa = XCBuildConfiguration;
			buildSettings = {
				CODE_SIGN_STYLE = Automatic;
				CURRENT_PROJECT_VERSION = 1;
				GENERATE_INFOPLIST_FILE = YES;
				MARKETING_VERSION = 1.0;
				PRODUCT_BUNDLE_IDENTIFIER = com.barrandfarm.PodWashUITests;
				PRODUCT_NAME = "$(TARGET_NAME)";
				STRING_CATALOG_GENERATE_SYMBOLS = NO;
				SWIFT_APPROACHABLE_CONCURRENCY = YES;
				SWIFT_EMIT_LOC_STRINGS = NO;
				SWIFT_UPCOMING_FEATURE_MEMBER_IMPORT_VISIBILITY = YES;
				SWIFT_VERSION = 5.0;
				TARGETED_DEVICE_FAMILY = "1,2";
				TEST_TARGET_NAME = PodWash;
			};
			name = Release;
		};
		AC050000000000000000000A /* Debug */ = {
			isa = XCBuildConfiguration;
			buildSettings = {
				BUNDLE_LOADER = "$(TEST_HOST)";
				CODE_SIGN_STYLE = Automatic;
				CURRENT_PROJECT_VERSION = 1;
				GENERATE_INFOPLIST_FILE = YES;
				IPHONEOS_DEPLOYMENT_TARGET = 26.1;
				MARKETING_VERSION = 1.0;
				PRODUCT_BUNDLE_IDENTIFIER = com.barrandfarm.PodWashSlowTests;
				PRODUCT_NAME = "$(TARGET_NAME)";
				STRING_CATALOG_GENERATE_SYMBOLS = NO;
				SWIFT_APPROACHABLE_CONCURRENCY = YES;
				SWIFT_EMIT_LOC_STRINGS = NO;
				SWIFT_UPCOMING_FEATURE_MEMBER_IMPORT_VISIBILITY = YES;
				SWIFT_VERSION = 5.0;
				TARGETED_DEVICE_FAMILY = "1,2";
				TEST_HOST = "$(BUILT_PRODUCTS_DIR)/PodWash.app/$(BUNDLE_EXECUTABLE_FOLDER_PATH)/PodWash";
			};
			name = Debug;
		};
		AC050000000000000000000B /* Release */ = {
			isa = XCBuildConfiguration;
			buildSettings = {
				BUNDLE_LOADER = "$(TEST_HOST)";
				CODE_SIGN_STYLE = Automatic;
				CURRENT_PROJECT_VERSION = 1;
				GENERATE_INFOPLIST_FILE = YES;
				IPHONEOS_DEPLOYMENT_TARGET = 26.1;
				MARKETING_VERSION = 1.0;
				PRODUCT_BUNDLE_IDENTIFIER = com.barrandfarm.PodWashSlowTests;
				PRODUCT_NAME = "$(TARGET_NAME)";
				STRING_CATALOG_GENERATE_SYMBOLS = NO;
				SWIFT_APPROACHABLE_CONCURRENCY = YES;
				SWIFT_EMIT_LOC_STRINGS = NO;
				SWIFT_UPCOMING_FEATURE_MEMBER_IMPORT_VISIBILITY = YES;
				SWIFT_VERSION = 5.0;
				TARGETED_DEVICE_FAMILY = "1,2";
				TEST_HOST = "$(BUILT_PRODUCTS_DIR)/PodWash.app/$(BUNDLE_EXECUTABLE_FOLDER_PATH)/PodWash";
			};
			name = Release;
		};
/* End XCBuildConfiguration section */

/* Begin XCConfigurationList section */
		E3E16DCB2FFF1BCC00E398A5 /* Build configuration list for PBXProject "PodWash" */ = {
			isa = XCConfigurationList;
			buildConfigurations = (
				E3E16DF72FFF1BCE00E398A5 /* Debug */,
				E3E16DF82FFF1BCE00E398A5 /* Release */,
			);
			defaultConfigurationIsVisible = 0;
			defaultConfigurationName = Release;
		};
		E3E16DF42FFF1BCE00E398A5 /* Build configuration list for PBXNativeTarget "PodWash" */ = {
			isa = XCConfigurationList;
			buildConfigurations = (
				E3E16DF52FFF1BCE00E398A5 /* Debug */,
				E3E16DF62FFF1BCE00E398A5 /* Release */,
			);
			defaultConfigurationIsVisible = 0;
			defaultConfigurationName = Release;
		};
		E3E16DF92FFF1BCE00E398A5 /* Build configuration list for PBXNativeTarget "PodWashTests" */ = {
			isa = XCConfigurationList;
			buildConfigurations = (
				E3E16DFA2FFF1BCE00E398A5 /* Debug */,
				E3E16DFB2FFF1BCE00E398A5 /* Release */,
			);
			defaultConfigurationIsVisible = 0;
			defaultConfigurationName = Release;
		};
		E3E16DFC2FFF1BCE00E398A5 /* Build configuration list for PBXNativeTarget "PodWashUITests" */ = {
			isa = XCConfigurationList;
			buildConfigurations = (
				E3E16DFD2FFF1BCE00E398A5 /* Debug */,
				E3E16DFE2FFF1BCE00E398A5 /* Release */,
			);
			defaultConfigurationIsVisible = 0;
			defaultConfigurationName = Release;
		};
		AC0500000000000000000009 /* Build configuration list for PBXNativeTarget "PodWashSlowTests" */ = {
			isa = XCConfigurationList;
			buildConfigurations = (
				AC050000000000000000000A /* Debug */,
				AC050000000000000000000B /* Release */,
			);
			defaultConfigurationIsVisible = 0;
			defaultConfigurationName = Release;
		};
/* End XCConfigurationList section */

/* Begin XCRemoteSwiftPackageReference section */
		2497113C66B2A000B4EE4808 /* XCRemoteSwiftPackageReference "WhisperKit" */ = {
			isa = XCRemoteSwiftPackageReference;
			repositoryURL = "https://github.com/argmaxinc/WhisperKit";
			requirement = {
				kind = exactVersion;
				version = 1.0.0;
			};
		};
/* End XCRemoteSwiftPackageReference section */

/* Begin XCSwiftPackageProductDependency section */
		5AA73DA2CC666D68641E9C37 /* WhisperKit */ = {
			isa = XCSwiftPackageProductDependency;
			package = 2497113C66B2A000B4EE4808 /* XCRemoteSwiftPackageReference "WhisperKit" */;
			productName = WhisperKit;
		};
/* End XCSwiftPackageProductDependency section */
	};
	rootObject = E3E16DC82FFF1BCC00E398A5 /* Project object */;
}
